
Microsoft Visual Studio Solution File, Format Version 12.00
# Visual Studio Version 16
VisualStudioVersion = 16.0.31729.503
MinimumVisualStudioVersion = 10.0.40219.1
Project("{FAE04EC0-301F-11D3-BF4B-00C04F79EFBC}") = "ExcelOnServices", "ExcelOnServices.csproj", "{027D389E-6A87-431F-BDAC-2F40D05D589B}"
EndProject
Global
	GlobalSection(SolutionConfigurationPlatforms) = preSolution
		Debug|Any CPU = Debug|Any CPU
		Release|Any CPU = Release|Any CPU
	EndGlobalSection
	GlobalSection(ProjectConfigurationPlatforms) = postSolution
		{027D389E-6A87-431F-BDAC-2F40D05D589B}.Debug|Any CPU.ActiveCfg = Debug|Any CPU
		{027D389E-6A87-431F-BDAC-2F40D05D589B}.Debug|Any CPU.Build.0 = Debug|Any CPU
		{027D389E-6A87-431F-BDAC-2F40D05D589B}.Release|Any CPU.ActiveCfg = Release|Any CPU
		{027D389E-6A87-431F-BDAC-2F40D05D589B}.Release|Any CPU.Build.0 = Release|Any CPU
	EndGlobalSection
	GlobalSection(SolutionProperties) = preSolution
		HideSolutionNode = FALSE
	EndGlobalSection
	GlobalSection(ExtensibilityGlobals) = postSolution
		SolutionGuid = {E613B91E-2884-4757-9C2F-2AC8CD8E1D95}
	EndGlobalSection
EndGlobal
